
Microsoft Visual Studio Solution File, Format Version 12.00
# Visual Studio Version 17
VisualStudioVersion = 17.0.31903.59
MinimumVisualStudioVersion = 10.0.40219.1
Project("{FAE04EC0-301F-11D3-BF4B-00C04F79EFBC}") = "ApiStudio.Application", "ApiStudio.Application\ApiStudio.Application.csproj", "{BDBA098C-0C12-298E-8A5D-1B10DA7B11E2}"
EndProject
Project("{FAE04EC0-301F-11D3-BF4B-00C04F79EFBC}") = "ApiStudio.Domain", "ApiStudio.Domain\ApiStudio.Domain.csproj", "{F598A3F3-602A-1D74-9938-0B888803B9A6}"
EndProject
Project("{FAE04EC0-301F-11D3-BF4B-00C04F79EFBC}") = "ApiStudio.HttpEngine", "ApiStudio.HttpEngine\ApiStudio.HttpEngine.csproj", "{76460AAA-6D2F-DA04-1307-2ABE82D16D28}"
EndProject
Project("{FAE04EC0-301F-11D3-BF4B-00C04F79EFBC}") = "ApiStudio.Infrastructure", "ApiStudio.Infrastructure\ApiStudio.Infrastructure.csproj", "{B8824BC1-B843-C251-055A-439179644B0E}"
EndProject
Project("{FAE04EC0-301F-11D3-BF4B-00C04F79EFBC}") = "ApiStudio.Persistence", "ApiStudio.Persistence\ApiStudio.Persistence.csproj", "{E0DD2147-BA1A-D0E8-D9C2-967B68D3D00E}"
EndProject
Project("{FAE04EC0-301F-11D3-BF4B-00C04F79EFBC}") = "ApiStudio.Shared", "ApiStudio.Shared\ApiStudio.Shared.csproj", "{BB80C073-C349-6382-9C33-EACA922F95FD}"
EndProject
Project("{FAE04EC0-301F-11D3-BF4B-00C04F79EFBC}") = "ApiStudio.Api", "ApiStudio.Api\ApiStudio.Api.csproj", "{C2D26721-708C-C4A6-35B5-8399F1713E74}"
EndProject
Project("{2150E333-8FDC-42A3-9474-1A3956D46DE8}") = "SolutionItems", "SolutionItems", "{02EA681E-C7D8-13C7-8484-4AC65E1B71E8}"
	ProjectSection(SolutionItems) = preProject
		nuget.config = nuget.config
	EndProjectSection
EndProject
Global
	GlobalSection(SolutionConfigurationPlatforms) = preSolution
		Debug|Any CPU = Debug|Any CPU
		Release|Any CPU = Release|Any CPU
	EndGlobalSection
	GlobalSection(ProjectConfigurationPlatforms) = postSolution
		{BDBA098C-0C12-298E-8A5D-1B10DA7B11E2}.Debug|Any CPU.ActiveCfg = Debug|Any CPU
		{BDBA098C-0C12-298E-8A5D-1B10DA7B11E2}.Debug|Any CPU.Build.0 = Debug|Any CPU
		{BDBA098C-0C12-298E-8A5D-1B10DA7B11E2}.Release|Any CPU.ActiveCfg = Release|Any CPU
		{BDBA098C-0C12-298E-8A5D-1B10DA7B11E2}.Release|Any CPU.Build.0 = Release|Any CPU
		{F598A3F3-602A-1D74-9938-0B888803B9A6}.Debug|Any CPU.ActiveCfg = Debug|Any CPU
		{F598A3F3-602A-1D74-9938-0B888803B9A6}.Debug|Any CPU.Build.0 = Debug|Any CPU
		{F598A3F3-602A-1D74-9938-0B888803B9A6}.Release|Any CPU.ActiveCfg = Release|Any CPU
		{F598A3F3-602A-1D74-9938-0B888803B9A6}.Release|Any CPU.Build.0 = Release|Any CPU
		{76460AAA-6D2F-DA04-1307-2ABE82D16D28}.Debug|Any CPU.ActiveCfg = Debug|Any CPU
		{76460AAA-6D2F-DA04-1307-2ABE82D16D28}.Debug|Any CPU.Build.0 = Debug|Any CPU
		{76460AAA-6D2F-DA04-1307-2ABE82D16D28}.Release|Any CPU.ActiveCfg = Release|Any CPU
		{76460AAA-6D2F-DA04-1307-2ABE82D16D28}.Release|Any CPU.Build.0 = Release|Any CPU
		{B8824BC1-B843-C251-055A-439179644B0E}.Debug|Any CPU.ActiveCfg = Debug|Any CPU
		{B8824BC1-B843-C251-055A-439179644B0E}.Debug|Any CPU.Build.0 = Debug|Any CPU
		{B8824BC1-B843-C251-055A-439179644B0E}.Release|Any CPU.ActiveCfg = Release|Any CPU
		{B8824BC1-B843-C251-055A-439179644B0E}.Release|Any CPU.Build.0 = Release|Any CPU
		{E0DD2147-BA1A-D0E8-D9C2-967B68D3D00E}.Debug|Any CPU.ActiveCfg = Debug|Any CPU
		{E0DD2147-BA1A-D0E8-D9C2-967B68D3D00E}.Debug|Any CPU.Build.0 = Debug|Any CPU
		{E0DD2147-BA1A-D0E8-D9C2-967B68D3D00E}.Release|Any CPU.ActiveCfg = Release|Any CPU
		{E0DD2147-BA1A-D0E8-D9C2-967B68D3D00E}.Release|Any CPU.Build.0 = Release|Any CPU
		{BB80C073-C349-6382-9C33-EACA922F95FD}.Debug|Any CPU.ActiveCfg = Debug|Any CPU
		{BB80C073-C349-6382-9C33-EACA922F95FD}.Debug|Any CPU.Build.0 = Debug|Any CPU
		{BB80C073-C349-6382-9C33-EACA922F95FD}.Release|Any CPU.ActiveCfg = Release|Any CPU
		{BB80C073-C349-6382-9C33-EACA922F95FD}.Release|Any CPU.Build.0 = Release|Any CPU
		{C2D26721-708C-C4A6-35B5-8399F1713E74}.Debug|Any CPU.ActiveCfg = Debug|Any CPU
		{C2D26721-708C-C4A6-35B5-8399F1713E74}.Debug|Any CPU.Build.0 = Debug|Any CPU
		{C2D26721-708C-C4A6-35B5-8399F1713E74}.Release|Any CPU.ActiveCfg = Release|Any CPU
		{C2D26721-708C-C4A6-35B5-8399F1713E74}.Release|Any CPU.Build.0 = Release|Any CPU
	EndGlobalSection
	GlobalSection(SolutionProperties) = preSolution
		HideSolutionNode = FALSE
	EndGlobalSection
	GlobalSection(ExtensibilityGlobals) = postSolution
		SolutionGuid = {A3149D79-20CB-4BD2-A817-A3FF228E4C47}
	EndGlobalSection
EndGlobal
